// !$*UTF8*$!
{
	archiveVersion = 1;
	classes = {
	};
	objectVersion = 56;
	objects = {

/* Begin PBXBuildFile section */
		EEAA34942A0B31290003628E /* GaOnTest.swift in Sources */ = {isa = PBXBuildFile; fileRef = EEAA34932A0B31290003628E /* GaOnTest.swift */; };
		EEAA34A32A0B3C010003628E /* D_Beatle.png in Resources */ = {isa = PBXBuildFile; fileRef = EEAA34952A0B3C000003628E /* D_Beatle.png */; };
		EEAA34A42A0B3C010003628E /* D_Dragon.png in Resources */ = {isa = PBXBuildFile; fileRef = EEAA34962A0B3C000003628E /* D_Dragon.png */; };
		EEAA34A52A0B3C010003628E /* D_Minkyung.png in Resources */ = {isa = PBXBuildFile; fileRef = EEAA34972A0B3C010003628E /* D_Minkyung.png */; };
		EEAA34A62A0B3C010003628E /* D_Plane.png in Resources */ = {isa = PBXBuildFile; fileRef = EEAA34982A0B3C010003628E /* D_Plane.png */; };
		EEAA34A72A0B3C010003628E /* D_Angry_Child.png in Resources */ = {isa = PBXBuildFile; fileRef = EEAA34992A0B3C010003628E /* D_Angry_Child.png */; };
		EEAA34A82A0B3C010003628E /* D_RibbonGirl.png in Resources */ = {isa = PBXBuildFile; fileRef = EEAA349A2A0B3C010003628E /* D_RibbonGirl.png */; };
		EEAA34A92A0B3C010003628E /* D_Bus.png in Resources */ = {isa = PBXBuildFile; fileRef = EEAA349B2A0B3C010003628E /* D_Bus.png */; };
		EEAA34AA2A0B3C010003628E /* D_Angry_Cat.png in Resources */ = {isa = PBXBuildFile; fileRef = EEAA349C2A0B3C010003628E /* D_Angry_Cat.png */; };
		EEAA34AB2A0B3C010003628E /* D_Turbo.png in Resources */ = {isa = PBXBuildFile; fileRef = EEAA349D2A0B3C010003628E /* D_Turbo.png */; };
		EEAA34AC2A0B3C010003628E /* D_SunFlower.png in Resources */ = {isa = PBXBuildFile; fileRef = EEAA349E2A0B3C010003628E /* D_SunFlower.png */; };
		EEAA34AD2A0B3C010003628E /* D_Rocket.png in Resources */ = {isa = PBXBuildFile; fileRef = EEAA349F2A0B3C010003628E /* D_Rocket.png */; };
		EEAA34AE2A0B3C010003628E /* D_Bebe.png in Resources */ = {isa = PBXBuildFile; fileRef = EEAA34A02A0B3C010003628E /* D_Bebe.png */; };
		EEAA34AF2A0B3C010003628E /* D_Clouds_02.png in Resources */ = {isa = PBXBuildFile; fileRef = EEAA34A12A0B3C010003628E /* D_Clouds_02.png */; };
		EEAA34B02A0B3C010003628E /* D_Clouds_01.png in Resources */ = {isa = PBXBuildFile; fileRef = EEAA34A22A0B3C010003628E /* D_Clouds_01.png */; };

		572B0D632A0B68B5008283CA /* removedBinaryMultiarrayToBackgroundRemovedPNG.swift in Sources */ = {isa = PBXBuildFile; fileRef = 572B0D522A0B68B5008283CA /* removedBinaryMultiarrayToBackgroundRemovedPNG.swift */; };
		572B0D642A0B68B5008283CA /* rbmToCroppedRBM.swift in Sources */ = {isa = PBXBuildFile; fileRef = 572B0D532A0B68B5008283CA /* rbmToCroppedRBM.swift */; };
		572B0D652A0B68B5008283CA /* removedBinaryMultiarrayToPlainUSDZ.swift in Sources */ = {isa = PBXBuildFile; fileRef = 572B0D542A0B68B5008283CA /* removedBinaryMultiarrayToPlainUSDZ.swift */; };
		572B0D662A0B68B5008283CA /* heicToMultiArray.swift in Sources */ = {isa = PBXBuildFile; fileRef = 572B0D552A0B68B5008283CA /* heicToMultiArray.swift */; };
		572B0D672A0B68B5008283CA /* multiarrayToRemovedBinaryMultiarray.swift in Sources */ = {isa = PBXBuildFile; fileRef = 572B0D562A0B68B5008283CA /* multiarrayToRemovedBinaryMultiarray.swift */; };
		572B0D682A0B68B5008283CA /* resizeHeicImage.swift in Sources */ = {isa = PBXBuildFile; fileRef = 572B0D572A0B68B5008283CA /* resizeHeicImage.swift */; };
		572B0D692A0B68B5008283CA /* averageBrightnessToMiddleBrightness.swift in Sources */ = {isa = PBXBuildFile; fileRef = 572B0D592A0B68B5008283CA /* averageBrightnessToMiddleBrightness.swift */; };
		572B0D6A2A0B68B5008283CA /* removedBinaryToPointArray.swift in Sources */ = {isa = PBXBuildFile; fileRef = 572B0D5A2A0B68B5008283CA /* removedBinaryToPointArray.swift */; };
		572B0D6B2A0B68B5008283CA /* heroBinaryToRemovedBinary.swift in Sources */ = {isa = PBXBuildFile; fileRef = 572B0D5B2A0B68B5008283CA /* heroBinaryToRemovedBinary.swift */; };
		572B0D6C2A0B68B5008283CA /* monochromeToAverageBrightness.swift in Sources */ = {isa = PBXBuildFile; fileRef = 572B0D5C2A0B68B5008283CA /* monochromeToAverageBrightness.swift */; };
		572B0D6D2A0B68B5008283CA /* heroBinaryToReformedBinary(temp).swift in Sources */ = {isa = PBXBuildFile; fileRef = 572B0D5D2A0B68B5008283CA /* heroBinaryToReformedBinary(temp).swift */; };
		572B0D6E2A0B68B5008283CA /* swelledBinaryToHeroBinary.swift in Sources */ = {isa = PBXBuildFile; fileRef = 572B0D5E2A0B68B5008283CA /* swelledBinaryToHeroBinary.swift */; };
		572B0D6F2A0B68B5008283CA /* rbmToPointArray.swift in Sources */ = {isa = PBXBuildFile; fileRef = 572B0D5F2A0B68B5008283CA /* rbmToPointArray.swift */; };
		572B0D702A0B68B5008283CA /* binaryToSwelledBinary.swift in Sources */ = {isa = PBXBuildFile; fileRef = 572B0D602A0B68B5008283CA /* binaryToSwelledBinary.swift */; };
		572B0D712A0B68B5008283CA /* monochromeToBinary.swift in Sources */ = {isa = PBXBuildFile; fileRef = 572B0D612A0B68B5008283CA /* monochromeToBinary.swift */; };
		572B0D722A0B68B5008283CA /* colorToMonochrome.swift in Sources */ = {isa = PBXBuildFile; fileRef = 572B0D622A0B68B5008283CA /* colorToMonochrome.swift */; };
		572B0D772A0B68D9008283CA /* PNGImageView.swift in Sources */ = {isa = PBXBuildFile; fileRef = 572B0D742A0B68D9008283CA /* PNGImageView.swift */; };
		572B0D782A0B68D9008283CA /* HEICImageView.swift in Sources */ = {isa = PBXBuildFile; fileRef = 572B0D752A0B68D9008283CA /* HEICImageView.swift */; };
		572B0D792A0B68D9008283CA /* ConvertTestView.swift in Sources */ = {isa = PBXBuildFile; fileRef = 572B0D762A0B68D9008283CA /* ConvertTestView.swift */; };
		572B0D7C2A0B6B92008283CA /* UIImage+.swift in Sources */ = {isa = PBXBuildFile; fileRef = 572B0D7B2A0B6B92008283CA /* UIImage+.swift */; };
		572B0D7F2A0B6BA6008283CA /* BinaryMultiarrayView.swift in Sources */ = {isa = PBXBuildFile; fileRef = 572B0D7D2A0B6BA6008283CA /* BinaryMultiarrayView.swift */; };
		572B0D802A0B6BA6008283CA /* MultiarrayView.swift in Sources */ = {isa = PBXBuildFile; fileRef = 572B0D7E2A0B6BA6008283CA /* MultiarrayView.swift */; };
		572B0D822A0B6C42008283CA /* ConvertSampleImage1.HEIC in Resources */ = {isa = PBXBuildFile; fileRef = 572B0D812A0B6C42008283CA /* ConvertSampleImage1.HEIC */; };
		572B0D842A0B6D3D008283CA /* Convert Instructions.rtf in Resources */ = {isa = PBXBuildFile; fileRef = 572B0D832A0B6D3D008283CA /* Convert Instructions.rtf */; };
		EEAC0D002A0A3E69007EF909 /* MC2_BuriBuriApp.swift in Sources */ = {isa = PBXBuildFile; fileRef = EEAC0CFF2A0A3E69007EF909 /* MC2_BuriBuriApp.swift */; };
		EEAC0D042A0A3E69007EF909 /* Assets.xcassets in Resources */ = {isa = PBXBuildFile; fileRef = EEAC0D032A0A3E69007EF909 /* Assets.xcassets */; };
		EEAC0D072A0A3E69007EF909 /* Preview Assets.xcassets in Resources */ = {isa = PBXBuildFile; fileRef = EEAC0D062A0A3E69007EF909 /* Preview Assets.xcassets */; };
		EEAC0D132A0A40C2007EF909 /* DataModel.swift in Sources */ = {isa = PBXBuildFile; fileRef = EEAC0D0E2A0A40C2007EF909 /* DataModel.swift */; };
		EEAC0D142A0A40C2007EF909 /* Item.swift in Sources */ = {isa = PBXBuildFile; fileRef = EEAC0D0F2A0A40C2007EF909 /* Item.swift */; };
		EEAC0D152A0A40C2007EF909 /* getFunction.swift in Sources */ = {isa = PBXBuildFile; fileRef = EEAC0D102A0A40C2007EF909 /* getFunction.swift */; };
		EEAC0D162A0A40C2007EF909 /* FileManagerExtensions.swift in Sources */ = {isa = PBXBuildFile; fileRef = EEAC0D112A0A40C2007EF909 /* FileManagerExtensions.swift */; };
		EEAC0D1B2A0A40D8007EF909 /* ARView.swift in Sources */ = {isa = PBXBuildFile; fileRef = EEAC0D172A0A40D8007EF909 /* ARView.swift */; };
		EEAC0D1C2A0A40D8007EF909 /* ScanView.swift in Sources */ = {isa = PBXBuildFile; fileRef = EEAC0D182A0A40D8007EF909 /* ScanView.swift */; };
		EEAC0D1D2A0A40D8007EF909 /* AlbumForParentsView.swift in Sources */ = {isa = PBXBuildFile; fileRef = EEAC0D192A0A40D8007EF909 /* AlbumForParentsView.swift */; };
		EEAC0D1E2A0A40D8007EF909 /* GridItemView.swift in Sources */ = {isa = PBXBuildFile; fileRef = EEAC0D1A2A0A40D8007EF909 /* GridItemView.swift */; };
		EEBDFA9B2A0A6836000543FD /* AlbumDetailView.swift in Sources */ = {isa = PBXBuildFile; fileRef = EEBDFA9A2A0A6836000543FD /* AlbumDetailView.swift */; };
		EEBDFAA12A0A742D000543FD /* AlbumForChildView.swift in Sources */ = {isa = PBXBuildFile; fileRef = EEBDFAA02A0A742D000543FD /* AlbumForChildView.swift */; };
		EEBDFAAC2A0A7623000543FD /* Sample4.png in Resources */ = {isa = PBXBuildFile; fileRef = EEBDFAA22A0A7623000543FD /* Sample4.png */; };
		EEBDFAAD2A0A7623000543FD /* Sample6.png in Resources */ = {isa = PBXBuildFile; fileRef = EEBDFAA32A0A7623000543FD /* Sample6.png */; };
		EEBDFAAE2A0A7623000543FD /* Sample5.png in Resources */ = {isa = PBXBuildFile; fileRef = EEBDFAA42A0A7623000543FD /* Sample5.png */; };
		EEBDFAAF2A0A7623000543FD /* Sample2.png in Resources */ = {isa = PBXBuildFile; fileRef = EEBDFAA52A0A7623000543FD /* Sample2.png */; };
		EEBDFAB02A0A7623000543FD /* Sample3.png in Resources */ = {isa = PBXBuildFile; fileRef = EEBDFAA62A0A7623000543FD /* Sample3.png */; };
		EEBDFAB12A0A7623000543FD /* Sample7.png in Resources */ = {isa = PBXBuildFile; fileRef = EEBDFAA72A0A7623000543FD /* Sample7.png */; };
		EEBDFAB22A0A7623000543FD /* Sample9.png in Resources */ = {isa = PBXBuildFile; fileRef = EEBDFAA82A0A7623000543FD /* Sample9.png */; };
		EEBDFAB32A0A7623000543FD /* Sample1.png in Resources */ = {isa = PBXBuildFile; fileRef = EEBDFAA92A0A7623000543FD /* Sample1.png */; };
		EEBDFAB42A0A7623000543FD /* Sample8.png in Resources */ = {isa = PBXBuildFile; fileRef = EEBDFAAA2A0A7623000543FD /* Sample8.png */; };
		EEBDFAB52A0A7623000543FD /* Sample10.png in Resources */ = {isa = PBXBuildFile; fileRef = EEBDFAAB2A0A7623000543FD /* Sample10.png */; };
/* End PBXBuildFile section */

/* Begin PBXFileReference section */
		EEAA34932A0B31290003628E /* GaOnTest.swift */ = {isa = PBXFileReference; lastKnownFileType = sourcecode.swift; path = GaOnTest.swift; sourceTree = "<group>"; };
		EEAA34952A0B3C000003628E /* D_Beatle.png */ = {isa = PBXFileReference; lastKnownFileType = image.png; path = D_Beatle.png; sourceTree = "<group>"; };
		EEAA34962A0B3C000003628E /* D_Dragon.png */ = {isa = PBXFileReference; lastKnownFileType = image.png; path = D_Dragon.png; sourceTree = "<group>"; };
		EEAA34972A0B3C010003628E /* D_Minkyung.png */ = {isa = PBXFileReference; lastKnownFileType = image.png; path = D_Minkyung.png; sourceTree = "<group>"; };
		EEAA34982A0B3C010003628E /* D_Plane.png */ = {isa = PBXFileReference; lastKnownFileType = image.png; path = D_Plane.png; sourceTree = "<group>"; };
		EEAA34992A0B3C010003628E /* D_Angry_Child.png */ = {isa = PBXFileReference; lastKnownFileType = image.png; path = D_Angry_Child.png; sourceTree = "<group>"; };
		EEAA349A2A0B3C010003628E /* D_RibbonGirl.png */ = {isa = PBXFileReference; lastKnownFileType = image.png; path = D_RibbonGirl.png; sourceTree = "<group>"; };
		EEAA349B2A0B3C010003628E /* D_Bus.png */ = {isa = PBXFileReference; lastKnownFileType = image.png; path = D_Bus.png; sourceTree = "<group>"; };
		EEAA349C2A0B3C010003628E /* D_Angry_Cat.png */ = {isa = PBXFileReference; lastKnownFileType = image.png; path = D_Angry_Cat.png; sourceTree = "<group>"; };
		EEAA349D2A0B3C010003628E /* D_Turbo.png */ = {isa = PBXFileReference; lastKnownFileType = image.png; path = D_Turbo.png; sourceTree = "<group>"; };
		EEAA349E2A0B3C010003628E /* D_SunFlower.png */ = {isa = PBXFileReference; lastKnownFileType = image.png; path = D_SunFlower.png; sourceTree = "<group>"; };
		EEAA349F2A0B3C010003628E /* D_Rocket.png */ = {isa = PBXFileReference; lastKnownFileType = image.png; path = D_Rocket.png; sourceTree = "<group>"; };
		EEAA34A02A0B3C010003628E /* D_Bebe.png */ = {isa = PBXFileReference; lastKnownFileType = image.png; path = D_Bebe.png; sourceTree = "<group>"; };
		EEAA34A12A0B3C010003628E /* D_Clouds_02.png */ = {isa = PBXFileReference; lastKnownFileType = image.png; path = D_Clouds_02.png; sourceTree = "<group>"; };
		EEAA34A22A0B3C010003628E /* D_Clouds_01.png */ = {isa = PBXFileReference; lastKnownFileType = image.png; path = D_Clouds_01.png; sourceTree = "<group>"; };

		572B0D522A0B68B5008283CA /* removedBinaryMultiarrayToBackgroundRemovedPNG.swift */ = {isa = PBXFileReference; fileEncoding = 4; lastKnownFileType = sourcecode.swift; path = removedBinaryMultiarrayToBackgroundRemovedPNG.swift; sourceTree = "<group>"; };
		572B0D532A0B68B5008283CA /* rbmToCroppedRBM.swift */ = {isa = PBXFileReference; fileEncoding = 4; lastKnownFileType = sourcecode.swift; path = rbmToCroppedRBM.swift; sourceTree = "<group>"; };
		572B0D542A0B68B5008283CA /* removedBinaryMultiarrayToPlainUSDZ.swift */ = {isa = PBXFileReference; fileEncoding = 4; lastKnownFileType = sourcecode.swift; path = removedBinaryMultiarrayToPlainUSDZ.swift; sourceTree = "<group>"; };
		572B0D552A0B68B5008283CA /* heicToMultiArray.swift */ = {isa = PBXFileReference; fileEncoding = 4; lastKnownFileType = sourcecode.swift; path = heicToMultiArray.swift; sourceTree = "<group>"; };
		572B0D562A0B68B5008283CA /* multiarrayToRemovedBinaryMultiarray.swift */ = {isa = PBXFileReference; fileEncoding = 4; lastKnownFileType = sourcecode.swift; path = multiarrayToRemovedBinaryMultiarray.swift; sourceTree = "<group>"; };
		572B0D572A0B68B5008283CA /* resizeHeicImage.swift */ = {isa = PBXFileReference; fileEncoding = 4; lastKnownFileType = sourcecode.swift; path = resizeHeicImage.swift; sourceTree = "<group>"; };
		572B0D592A0B68B5008283CA /* averageBrightnessToMiddleBrightness.swift */ = {isa = PBXFileReference; fileEncoding = 4; lastKnownFileType = sourcecode.swift; path = averageBrightnessToMiddleBrightness.swift; sourceTree = "<group>"; };
		572B0D5A2A0B68B5008283CA /* removedBinaryToPointArray.swift */ = {isa = PBXFileReference; fileEncoding = 4; lastKnownFileType = sourcecode.swift; path = removedBinaryToPointArray.swift; sourceTree = "<group>"; };
		572B0D5B2A0B68B5008283CA /* heroBinaryToRemovedBinary.swift */ = {isa = PBXFileReference; fileEncoding = 4; lastKnownFileType = sourcecode.swift; path = heroBinaryToRemovedBinary.swift; sourceTree = "<group>"; };
		572B0D5C2A0B68B5008283CA /* monochromeToAverageBrightness.swift */ = {isa = PBXFileReference; fileEncoding = 4; lastKnownFileType = sourcecode.swift; path = monochromeToAverageBrightness.swift; sourceTree = "<group>"; };
		572B0D5D2A0B68B5008283CA /* heroBinaryToReformedBinary(temp).swift */ = {isa = PBXFileReference; fileEncoding = 4; lastKnownFileType = sourcecode.swift; path = "heroBinaryToReformedBinary(temp).swift"; sourceTree = "<group>"; };
		572B0D5E2A0B68B5008283CA /* swelledBinaryToHeroBinary.swift */ = {isa = PBXFileReference; fileEncoding = 4; lastKnownFileType = sourcecode.swift; path = swelledBinaryToHeroBinary.swift; sourceTree = "<group>"; };
		572B0D5F2A0B68B5008283CA /* rbmToPointArray.swift */ = {isa = PBXFileReference; fileEncoding = 4; lastKnownFileType = sourcecode.swift; path = rbmToPointArray.swift; sourceTree = "<group>"; };
		572B0D602A0B68B5008283CA /* binaryToSwelledBinary.swift */ = {isa = PBXFileReference; fileEncoding = 4; lastKnownFileType = sourcecode.swift; path = binaryToSwelledBinary.swift; sourceTree = "<group>"; };
		572B0D612A0B68B5008283CA /* monochromeToBinary.swift */ = {isa = PBXFileReference; fileEncoding = 4; lastKnownFileType = sourcecode.swift; path = monochromeToBinary.swift; sourceTree = "<group>"; };
		572B0D622A0B68B5008283CA /* colorToMonochrome.swift */ = {isa = PBXFileReference; fileEncoding = 4; lastKnownFileType = sourcecode.swift; path = colorToMonochrome.swift; sourceTree = "<group>"; };
		572B0D742A0B68D9008283CA /* PNGImageView.swift */ = {isa = PBXFileReference; fileEncoding = 4; lastKnownFileType = sourcecode.swift; path = PNGImageView.swift; sourceTree = "<group>"; };
		572B0D752A0B68D9008283CA /* HEICImageView.swift */ = {isa = PBXFileReference; fileEncoding = 4; lastKnownFileType = sourcecode.swift; path = HEICImageView.swift; sourceTree = "<group>"; };
		572B0D762A0B68D9008283CA /* ConvertTestView.swift */ = {isa = PBXFileReference; fileEncoding = 4; lastKnownFileType = sourcecode.swift; path = ConvertTestView.swift; sourceTree = "<group>"; };
		572B0D7B2A0B6B92008283CA /* UIImage+.swift */ = {isa = PBXFileReference; fileEncoding = 4; lastKnownFileType = sourcecode.swift; path = "UIImage+.swift"; sourceTree = "<group>"; };
		572B0D7D2A0B6BA6008283CA /* BinaryMultiarrayView.swift */ = {isa = PBXFileReference; fileEncoding = 4; lastKnownFileType = sourcecode.swift; path = BinaryMultiarrayView.swift; sourceTree = "<group>"; };
		572B0D7E2A0B6BA6008283CA /* MultiarrayView.swift */ = {isa = PBXFileReference; fileEncoding = 4; lastKnownFileType = sourcecode.swift; path = MultiarrayView.swift; sourceTree = "<group>"; };
		572B0D812A0B6C42008283CA /* ConvertSampleImage1.HEIC */ = {isa = PBXFileReference; lastKnownFileType = file; path = ConvertSampleImage1.HEIC; sourceTree = "<group>"; };
		572B0D832A0B6D3D008283CA /* Convert Instructions.rtf */ = {isa = PBXFileReference; lastKnownFileType = text.rtf; path = "Convert Instructions.rtf"; sourceTree = "<group>"; };
		EEAC0CFC2A0A3E69007EF909 /* MC2_BuriBuri.app */ = {isa = PBXFileReference; explicitFileType = wrapper.application; includeInIndex = 0; path = MC2_BuriBuri.app; sourceTree = BUILT_PRODUCTS_DIR; };
		EEAC0CFF2A0A3E69007EF909 /* MC2_BuriBuriApp.swift */ = {isa = PBXFileReference; lastKnownFileType = sourcecode.swift; path = MC2_BuriBuriApp.swift; sourceTree = "<group>"; };
		EEAC0D032A0A3E69007EF909 /* Assets.xcassets */ = {isa = PBXFileReference; lastKnownFileType = folder.assetcatalog; path = Assets.xcassets; sourceTree = "<group>"; };
		EEAC0D062A0A3E69007EF909 /* Preview Assets.xcassets */ = {isa = PBXFileReference; lastKnownFileType = folder.assetcatalog; path = "Preview Assets.xcassets"; sourceTree = "<group>"; };
		EEAC0D0E2A0A40C2007EF909 /* DataModel.swift */ = {isa = PBXFileReference; fileEncoding = 4; lastKnownFileType = sourcecode.swift; path = DataModel.swift; sourceTree = "<group>"; };
		EEAC0D0F2A0A40C2007EF909 /* Item.swift */ = {isa = PBXFileReference; fileEncoding = 4; lastKnownFileType = sourcecode.swift; path = Item.swift; sourceTree = "<group>"; };
		EEAC0D102A0A40C2007EF909 /* getFunction.swift */ = {isa = PBXFileReference; fileEncoding = 4; lastKnownFileType = sourcecode.swift; path = getFunction.swift; sourceTree = "<group>"; };
		EEAC0D112A0A40C2007EF909 /* FileManagerExtensions.swift */ = {isa = PBXFileReference; fileEncoding = 4; lastKnownFileType = sourcecode.swift; path = FileManagerExtensions.swift; sourceTree = "<group>"; };
		EEAC0D172A0A40D8007EF909 /* ARView.swift */ = {isa = PBXFileReference; fileEncoding = 4; lastKnownFileType = sourcecode.swift; path = ARView.swift; sourceTree = "<group>"; };
		EEAC0D182A0A40D8007EF909 /* ScanView.swift */ = {isa = PBXFileReference; fileEncoding = 4; lastKnownFileType = sourcecode.swift; path = ScanView.swift; sourceTree = "<group>"; };
		EEAC0D192A0A40D8007EF909 /* AlbumForParentsView.swift */ = {isa = PBXFileReference; fileEncoding = 4; lastKnownFileType = sourcecode.swift; path = AlbumForParentsView.swift; sourceTree = "<group>"; };
		EEAC0D1A2A0A40D8007EF909 /* GridItemView.swift */ = {isa = PBXFileReference; fileEncoding = 4; lastKnownFileType = sourcecode.swift; path = GridItemView.swift; sourceTree = "<group>"; };
		EEBDFA9A2A0A6836000543FD /* AlbumDetailView.swift */ = {isa = PBXFileReference; lastKnownFileType = sourcecode.swift; path = AlbumDetailView.swift; sourceTree = "<group>"; };
		EEBDFAA02A0A742D000543FD /* AlbumForChildView.swift */ = {isa = PBXFileReference; fileEncoding = 4; lastKnownFileType = sourcecode.swift; path = AlbumForChildView.swift; sourceTree = "<group>"; };
		EEBDFAA22A0A7623000543FD /* Sample4.png */ = {isa = PBXFileReference; lastKnownFileType = image.png; path = Sample4.png; sourceTree = "<group>"; };
		EEBDFAA32A0A7623000543FD /* Sample6.png */ = {isa = PBXFileReference; lastKnownFileType = image.png; path = Sample6.png; sourceTree = "<group>"; };
		EEBDFAA42A0A7623000543FD /* Sample5.png */ = {isa = PBXFileReference; lastKnownFileType = image.png; path = Sample5.png; sourceTree = "<group>"; };
		EEBDFAA52A0A7623000543FD /* Sample2.png */ = {isa = PBXFileReference; lastKnownFileType = image.png; path = Sample2.png; sourceTree = "<group>"; };
		EEBDFAA62A0A7623000543FD /* Sample3.png */ = {isa = PBXFileReference; lastKnownFileType = image.png; path = Sample3.png; sourceTree = "<group>"; };
		EEBDFAA72A0A7623000543FD /* Sample7.png */ = {isa = PBXFileReference; lastKnownFileType = image.png; path = Sample7.png; sourceTree = "<group>"; };
		EEBDFAA82A0A7623000543FD /* Sample9.png */ = {isa = PBXFileReference; lastKnownFileType = image.png; path = Sample9.png; sourceTree = "<group>"; };
		EEBDFAA92A0A7623000543FD /* Sample1.png */ = {isa = PBXFileReference; lastKnownFileType = image.png; path = Sample1.png; sourceTree = "<group>"; };
		EEBDFAAA2A0A7623000543FD /* Sample8.png */ = {isa = PBXFileReference; lastKnownFileType = image.png; path = Sample8.png; sourceTree = "<group>"; };
		EEBDFAAB2A0A7623000543FD /* Sample10.png */ = {isa = PBXFileReference; lastKnownFileType = image.png; path = Sample10.png; sourceTree = "<group>"; };
/* End PBXFileReference section */

/* Begin PBXFrameworksBuildPhase section */
		EEAC0CF92A0A3E69007EF909 /* Frameworks */ = {
			isa = PBXFrameworksBuildPhase;
			buildActionMask = 2147483647;
			files = (
			);
			runOnlyForDeploymentPostprocessing = 0;
		};
/* End PBXFrameworksBuildPhase section */

/* Begin PBXGroup section */
		EEAA34922A0B2AB80003628E /* Test */ = {
			isa = PBXGroup;
			children = (
				EEAA34932A0B31290003628E /* GaOnTest.swift */,
			);
			path = Test;

		572B0D502A0B6876008283CA /* Convert */ = {
			isa = PBXGroup;
			children = (
				572B0D732A0B68D9008283CA /* Convert Test Views */,
				572B0D512A0B68B5008283CA /* Convert Functions */,
			);
			path = Convert;
			sourceTree = "<group>";
		};
		572B0D512A0B68B5008283CA /* Convert Functions */ = {
			isa = PBXGroup;
			children = (
				572B0D832A0B6D3D008283CA /* Convert Instructions.rtf */,
				572B0D572A0B68B5008283CA /* resizeHeicImage.swift */,
				572B0D552A0B68B5008283CA /* heicToMultiArray.swift */,
				572B0D562A0B68B5008283CA /* multiarrayToRemovedBinaryMultiarray.swift */,
				572B0D522A0B68B5008283CA /* removedBinaryMultiarrayToBackgroundRemovedPNG.swift */,
				572B0D532A0B68B5008283CA /* rbmToCroppedRBM.swift */,
				572B0D542A0B68B5008283CA /* removedBinaryMultiarrayToPlainUSDZ.swift */,
				572B0D582A0B68B5008283CA /* Sub Functions */,
			);
			path = "Convert Functions";
			sourceTree = "<group>";
		};
		572B0D582A0B68B5008283CA /* Sub Functions */ = {
			isa = PBXGroup;
			children = (
				572B0D622A0B68B5008283CA /* colorToMonochrome.swift */,
				572B0D5C2A0B68B5008283CA /* monochromeToAverageBrightness.swift */,
				572B0D592A0B68B5008283CA /* averageBrightnessToMiddleBrightness.swift */,
				572B0D612A0B68B5008283CA /* monochromeToBinary.swift */,
				572B0D602A0B68B5008283CA /* binaryToSwelledBinary.swift */,
				572B0D5E2A0B68B5008283CA /* swelledBinaryToHeroBinary.swift */,
				572B0D5D2A0B68B5008283CA /* heroBinaryToReformedBinary(temp).swift */,
				572B0D5B2A0B68B5008283CA /* heroBinaryToRemovedBinary.swift */,
				572B0D5A2A0B68B5008283CA /* removedBinaryToPointArray.swift */,
				572B0D5F2A0B68B5008283CA /* rbmToPointArray.swift */,
			);
			path = "Sub Functions";
			sourceTree = "<group>";
		};
		572B0D732A0B68D9008283CA /* Convert Test Views */ = {
			isa = PBXGroup;
			children = (
				572B0D762A0B68D9008283CA /* ConvertTestView.swift */,
				572B0D742A0B68D9008283CA /* PNGImageView.swift */,
				572B0D752A0B68D9008283CA /* HEICImageView.swift */,
				572B0D7D2A0B6BA6008283CA /* BinaryMultiarrayView.swift */,
				572B0D7E2A0B6BA6008283CA /* MultiarrayView.swift */,
			);
			path = "Convert Test Views";
			sourceTree = "<group>";
		};
		572B0D7A2A0B6B82008283CA /* Extension */ = {
			isa = PBXGroup;
			children = (
				572B0D7B2A0B6B92008283CA /* UIImage+.swift */,
			);
			path = Extension;

			sourceTree = "<group>";
		};
		EEAC0CF32A0A3E69007EF909 = {
			isa = PBXGroup;
			children = (
				EEAC0CFE2A0A3E69007EF909 /* MC2_BuriBuri */,
				EEAC0CFD2A0A3E69007EF909 /* Products */,
			);
			sourceTree = "<group>";
		};
		EEAC0CFD2A0A3E69007EF909 /* Products */ = {
			isa = PBXGroup;
			children = (
				EEAC0CFC2A0A3E69007EF909 /* MC2_BuriBuri.app */,
			);
			name = Products;
			sourceTree = "<group>";
		};
		EEAC0CFE2A0A3E69007EF909 /* MC2_BuriBuri */ = {
			isa = PBXGroup;
			children = (
				EEAC0CFF2A0A3E69007EF909 /* MC2_BuriBuriApp.swift */,
				EEAA34922A0B2AB80003628E /* Test */,
				572B0D7A2A0B6B82008283CA /* Extension */,
				572B0D502A0B6876008283CA /* Convert */,
				EEBDFAB62A0A76AF000543FD /* SampleImage */,
				EEAC0D1F2A0A40E2007EF909 /* Data */,
				EEAC0D202A0A40E9007EF909 /* View */,
				EEAC0D032A0A3E69007EF909 /* Assets.xcassets */,
				EEAC0D052A0A3E69007EF909 /* Preview Content */,
			);
			path = MC2_BuriBuri;
			sourceTree = "<group>";
		};
		EEAC0D052A0A3E69007EF909 /* Preview Content */ = {
			isa = PBXGroup;
			children = (
				EEAC0D062A0A3E69007EF909 /* Preview Assets.xcassets */,
			);
			path = "Preview Content";
			sourceTree = "<group>";
		};
		EEAC0D1F2A0A40E2007EF909 /* Data */ = {
			isa = PBXGroup;
			children = (
				EEAC0D0E2A0A40C2007EF909 /* DataModel.swift */,
				EEAC0D112A0A40C2007EF909 /* FileManagerExtensions.swift */,
				EEAC0D102A0A40C2007EF909 /* getFunction.swift */,
				EEAC0D0F2A0A40C2007EF909 /* Item.swift */,
			);
			path = Data;
			sourceTree = "<group>";
		};
		EEAC0D202A0A40E9007EF909 /* View */ = {
			isa = PBXGroup;
			children = (
				EEAC0D192A0A40D8007EF909 /* AlbumForParentsView.swift */,
				EEBDFA9A2A0A6836000543FD /* AlbumDetailView.swift */,
				EEAC0D172A0A40D8007EF909 /* ARView.swift */,
				EEAC0D1A2A0A40D8007EF909 /* GridItemView.swift */,
				EEBDFAA02A0A742D000543FD /* AlbumForChildView.swift */,
				EEAC0D182A0A40D8007EF909 /* ScanView.swift */,
			);
			path = View;
			sourceTree = "<group>";
		};
		EEBDFAB62A0A76AF000543FD /* SampleImage */ = {
			isa = PBXGroup;
			children = (
				EEAA349C2A0B3C010003628E /* D_Angry_Cat.png */,
				EEAA34992A0B3C010003628E /* D_Angry_Child.png */,
				EEAA34952A0B3C000003628E /* D_Beatle.png */,
				EEAA34A02A0B3C010003628E /* D_Bebe.png */,
				EEAA349B2A0B3C010003628E /* D_Bus.png */,
				EEAA34A22A0B3C010003628E /* D_Clouds_01.png */,
				EEAA34A12A0B3C010003628E /* D_Clouds_02.png */,
				EEAA34962A0B3C000003628E /* D_Dragon.png */,
				EEAA34972A0B3C010003628E /* D_Minkyung.png */,
				EEAA34982A0B3C010003628E /* D_Plane.png */,
				EEAA349A2A0B3C010003628E /* D_RibbonGirl.png */,
				EEAA349F2A0B3C010003628E /* D_Rocket.png */,
				EEAA349E2A0B3C010003628E /* D_SunFlower.png */,
				EEAA349D2A0B3C010003628E /* D_Turbo.png */,
				572B0D812A0B6C42008283CA /* ConvertSampleImage1.HEIC */,
				EEBDFAA92A0A7623000543FD /* Sample1.png */,
				EEBDFAA52A0A7623000543FD /* Sample2.png */,
				EEBDFAA62A0A7623000543FD /* Sample3.png */,
				EEBDFAA22A0A7623000543FD /* Sample4.png */,
				EEBDFAA42A0A7623000543FD /* Sample5.png */,
				EEBDFAA32A0A7623000543FD /* Sample6.png */,
				EEBDFAA72A0A7623000543FD /* Sample7.png */,
				EEBDFAAA2A0A7623000543FD /* Sample8.png */,
				EEBDFAA82A0A7623000543FD /* Sample9.png */,
				EEBDFAAB2A0A7623000543FD /* Sample10.png */,
			);
			path = SampleImage;
			sourceTree = "<group>";
		};
/* End PBXGroup section */

/* Begin PBXNativeTarget section */
		EEAC0CFB2A0A3E69007EF909 /* MC2_BuriBuri */ = {
			isa = PBXNativeTarget;
			buildConfigurationList = EEAC0D0A2A0A3E69007EF909 /* Build configuration list for PBXNativeTarget "MC2_BuriBuri" */;
			buildPhases = (
				EEAC0CF82A0A3E69007EF909 /* Sources */,
				EEAC0CF92A0A3E69007EF909 /* Frameworks */,
				EEAC0CFA2A0A3E69007EF909 /* Resources */,
			);
			buildRules = (
			);
			dependencies = (
			);
			name = MC2_BuriBuri;
			productName = MC2_BuriBuri;
			productReference = EEAC0CFC2A0A3E69007EF909 /* MC2_BuriBuri.app */;
			productType = "com.apple.product-type.application";
		};
/* End PBXNativeTarget section */

/* Begin PBXProject section */
		EEAC0CF42A0A3E69007EF909 /* Project object */ = {
			isa = PBXProject;
			attributes = {
				BuildIndependentTargetsInParallel = 1;
				LastSwiftUpdateCheck = 1430;
				LastUpgradeCheck = 1430;
				TargetAttributes = {
					EEAC0CFB2A0A3E69007EF909 = {
						CreatedOnToolsVersion = 14.3;
					};
				};
			};
			buildConfigurationList = EEAC0CF72A0A3E69007EF909 /* Build configuration list for PBXProject "MC2_BuriBuri" */;
			compatibilityVersion = "Xcode 14.0";
			developmentRegion = en;
			hasScannedForEncodings = 0;
			knownRegions = (
				en,
				Base,
			);
			mainGroup = EEAC0CF32A0A3E69007EF909;
			productRefGroup = EEAC0CFD2A0A3E69007EF909 /* Products */;
			projectDirPath = "";
			projectRoot = "";
			targets = (
				EEAC0CFB2A0A3E69007EF909 /* MC2_BuriBuri */,
			);
		};
/* End PBXProject section */

/* Begin PBXResourcesBuildPhase section */
		EEAC0CFA2A0A3E69007EF909 /* Resources */ = {
			isa = PBXResourcesBuildPhase;
			buildActionMask = 2147483647;
			files = (
				EEAA34A82A0B3C010003628E /* D_RibbonGirl.png in Resources */,
				EEAA34AD2A0B3C010003628E /* D_Rocket.png in Resources */,
				EEAA34A72A0B3C010003628E /* D_Angry_Child.png in Resources */,
				EEAA34AC2A0B3C010003628E /* D_SunFlower.png in Resources */,
				EEBDFAB52A0A7623000543FD /* Sample10.png in Resources */,
				EEAA34A62A0B3C010003628E /* D_Plane.png in Resources */,
				EEAA34A42A0B3C010003628E /* D_Dragon.png in Resources */,
				EEBDFAAF2A0A7623000543FD /* Sample2.png in Resources */,
				EEBDFAAE2A0A7623000543FD /* Sample5.png in Resources */,
				EEAA34A32A0B3C010003628E /* D_Beatle.png in Resources */,
				EEAA34AB2A0B3C010003628E /* D_Turbo.png in Resources */,
				EEBDFAB02A0A7623000543FD /* Sample3.png in Resources */,
				EEAA34AF2A0B3C010003628E /* D_Clouds_02.png in Resources */,
				572B0D822A0B6C42008283CA /* ConvertSampleImage1.HEIC in Resources */,
				EEBDFAB42A0A7623000543FD /* Sample8.png in Resources */,
				EEAA34A52A0B3C010003628E /* D_Minkyung.png in Resources */,
				EEAA34AE2A0B3C010003628E /* D_Bebe.png in Resources */,
				EEBDFAB32A0A7623000543FD /* Sample1.png in Resources */,
				EEBDFAAD2A0A7623000543FD /* Sample6.png in Resources */,
				EEBDFAAC2A0A7623000543FD /* Sample4.png in Resources */,
				EEAC0D072A0A3E69007EF909 /* Preview Assets.xcassets in Resources */,
				EEAA34A92A0B3C010003628E /* D_Bus.png in Resources */,
				EEAA34B02A0B3C010003628E /* D_Clouds_01.png in Resources */,
				EEBDFAB22A0A7623000543FD /* Sample9.png in Resources */,
				EEAA34AA2A0B3C010003628E /* D_Angry_Cat.png in Resources */,
				EEAC0D042A0A3E69007EF909 /* Assets.xcassets in Resources */,
				EEBDFAB12A0A7623000543FD /* Sample7.png in Resources */,
			);
			runOnlyForDeploymentPostprocessing = 0;
		};
/* End PBXResourcesBuildPhase section */

/* Begin PBXSourcesBuildPhase section */
		EEAC0CF82A0A3E69007EF909 /* Sources */ = {
			isa = PBXSourcesBuildPhase;
			buildActionMask = 2147483647;
			files = (
				EEAC0D142A0A40C2007EF909 /* Item.swift in Sources */,
				EEAC0D1C2A0A40D8007EF909 /* ScanView.swift in Sources */,
				EEAA34942A0B31290003628E /* GaOnTest.swift in Sources */,
				572B0D672A0B68B5008283CA /* multiarrayToRemovedBinaryMultiarray.swift in Sources */,
				EEAC0D1D2A0A40D8007EF909 /* AlbumForParentsView.swift in Sources */,
				EEBDFAA12A0A742D000543FD /* AlbumForChildView.swift in Sources */,
				EEAC0D1B2A0A40D8007EF909 /* ARView.swift in Sources */,
				EEAC0D002A0A3E69007EF909 /* MC2_BuriBuriApp.swift in Sources */,
				EEAC0D132A0A40C2007EF909 /* DataModel.swift in Sources */,
				EEAC0D152A0A40C2007EF909 /* getFunction.swift in Sources */,
				EEBDFA9B2A0A6836000543FD /* AlbumDetailView.swift in Sources */,
				EEAC0D162A0A40C2007EF909 /* FileManagerExtensions.swift in Sources */,
				EEAC0D1E2A0A40D8007EF909 /* GridItemView.swift in Sources */,
			);
			runOnlyForDeploymentPostprocessing = 0;
		};
/* End PBXSourcesBuildPhase section */

/* Begin XCBuildConfiguration section */
		EEAC0D082A0A3E69007EF909 /* Debug */ = {
			isa = XCBuildConfiguration;
			buildSettings = {
				ALWAYS_SEARCH_USER_PATHS = NO;
				CLANG_ANALYZER_NONNULL = YES;
				CLANG_ANALYZER_NUMBER_OBJECT_CONVERSION = YES_AGGRESSIVE;
				CLANG_CXX_LANGUAGE_STANDARD = "gnu++20";
				CLANG_ENABLE_MODULES = YES;
				CLANG_ENABLE_OBJC_ARC = YES;
				CLANG_ENABLE_OBJC_WEAK = YES;
				CLANG_WARN_BLOCK_CAPTURE_AUTORELEASING = YES;
				CLANG_WARN_BOOL_CONVERSION = YES;
				CLANG_WARN_COMMA = YES;
				CLANG_WARN_CONSTANT_CONVERSION = YES;
				CLANG_WARN_DEPRECATED_OBJC_IMPLEMENTATIONS = YES;
				CLANG_WARN_DIRECT_OBJC_ISA_USAGE = YES_ERROR;
				CLANG_WARN_DOCUMENTATION_COMMENTS = YES;
				CLANG_WARN_EMPTY_BODY = YES;
				CLANG_WARN_ENUM_CONVERSION = YES;
				CLANG_WARN_INFINITE_RECURSION = YES;
				CLANG_WARN_INT_CONVERSION = YES;
				CLANG_WARN_NON_LITERAL_NULL_CONVERSION = YES;
				CLANG_WARN_OBJC_IMPLICIT_RETAIN_SELF = YES;
				CLANG_WARN_OBJC_LITERAL_CONVERSION = YES;
				CLANG_WARN_OBJC_ROOT_CLASS = YES_ERROR;
				CLANG_WARN_QUOTED_INCLUDE_IN_FRAMEWORK_HEADER = YES;
				CLANG_WARN_RANGE_LOOP_ANALYSIS = YES;
				CLANG_WARN_STRICT_PROTOTYPES = YES;
				CLANG_WARN_SUSPICIOUS_MOVE = YES;
				CLANG_WARN_UNGUARDED_AVAILABILITY = YES_AGGRESSIVE;
				CLANG_WARN_UNREACHABLE_CODE = YES;
				CLANG_WARN__DUPLICATE_METHOD_MATCH = YES;
				COPY_PHASE_STRIP = NO;
				DEBUG_INFORMATION_FORMAT = dwarf;
				ENABLE_STRICT_OBJC_MSGSEND = YES;
				ENABLE_TESTABILITY = YES;
				GCC_C_LANGUAGE_STANDARD = gnu11;
				GCC_DYNAMIC_NO_PIC = NO;
				GCC_NO_COMMON_BLOCKS = YES;
				GCC_OPTIMIZATION_LEVEL = 0;
				GCC_PREPROCESSOR_DEFINITIONS = (
					"DEBUG=1",
					"$(inherited)",
				);
				GCC_WARN_64_TO_32_BIT_CONVERSION = YES;
				GCC_WARN_ABOUT_RETURN_TYPE = YES_ERROR;
				GCC_WARN_UNDECLARED_SELECTOR = YES;
				GCC_WARN_UNINITIALIZED_AUTOS = YES_AGGRESSIVE;
				GCC_WARN_UNUSED_FUNCTION = YES;
				GCC_WARN_UNUSED_VARIABLE = YES;
				IPHONEOS_DEPLOYMENT_TARGET = 16.4;
				MTL_ENABLE_DEBUG_INFO = INCLUDE_SOURCE;
				MTL_FAST_MATH = YES;
				ONLY_ACTIVE_ARCH = YES;
				SDKROOT = iphoneos;
				SWIFT_ACTIVE_COMPILATION_CONDITIONS = DEBUG;
				SWIFT_OPTIMIZATION_LEVEL = "-Onone";
			};
			name = Debug;
		};
		EEAC0D092A0A3E69007EF909 /* Release */ = {
			isa = XCBuildConfiguration;
			buildSettings = {
				ALWAYS_SEARCH_USER_PATHS = NO;
				CLANG_ANALYZER_NONNULL = YES;
				CLANG_ANALYZER_NUMBER_OBJECT_CONVERSION = YES_AGGRESSIVE;
				CLANG_CXX_LANGUAGE_STANDARD = "gnu++20";
				CLANG_ENABLE_MODULES = YES;
				CLANG_ENABLE_OBJC_ARC = YES;
				CLANG_ENABLE_OBJC_WEAK = YES;
				CLANG_WARN_BLOCK_CAPTURE_AUTORELEASING = YES;
				CLANG_WARN_BOOL_CONVERSION = YES;
				CLANG_WARN_COMMA = YES;
				CLANG_WARN_CONSTANT_CONVERSION = YES;
				CLANG_WARN_DEPRECATED_OBJC_IMPLEMENTATIONS = YES;
				CLANG_WARN_DIRECT_OBJC_ISA_USAGE = YES_ERROR;
				CLANG_WARN_DOCUMENTATION_COMMENTS = YES;
				CLANG_WARN_EMPTY_BODY = YES;
				CLANG_WARN_ENUM_CONVERSION = YES;
				CLANG_WARN_INFINITE_RECURSION = YES;
				CLANG_WARN_INT_CONVERSION = YES;
				CLANG_WARN_NON_LITERAL_NULL_CONVERSION = YES;
				CLANG_WARN_OBJC_IMPLICIT_RETAIN_SELF = YES;
				CLANG_WARN_OBJC_LITERAL_CONVERSION = YES;
				CLANG_WARN_OBJC_ROOT_CLASS = YES_ERROR;
				CLANG_WARN_QUOTED_INCLUDE_IN_FRAMEWORK_HEADER = YES;
				CLANG_WARN_RANGE_LOOP_ANALYSIS = YES;
				CLANG_WARN_STRICT_PROTOTYPES = YES;
				CLANG_WARN_SUSPICIOUS_MOVE = YES;
				CLANG_WARN_UNGUARDED_AVAILABILITY = YES_AGGRESSIVE;
				CLANG_WARN_UNREACHABLE_CODE = YES;
				CLANG_WARN__DUPLICATE_METHOD_MATCH = YES;
				COPY_PHASE_STRIP = NO;
				DEBUG_INFORMATION_FORMAT = "dwarf-with-dsym";
				ENABLE_NS_ASSERTIONS = NO;
				ENABLE_STRICT_OBJC_MSGSEND = YES;
				GCC_C_LANGUAGE_STANDARD = gnu11;
				GCC_NO_COMMON_BLOCKS = YES;
				GCC_WARN_64_TO_32_BIT_CONVERSION = YES;
				GCC_WARN_ABOUT_RETURN_TYPE = YES_ERROR;
				GCC_WARN_UNDECLARED_SELECTOR = YES;
				GCC_WARN_UNINITIALIZED_AUTOS = YES_AGGRESSIVE;
				GCC_WARN_UNUSED_FUNCTION = YES;
				GCC_WARN_UNUSED_VARIABLE = YES;
				IPHONEOS_DEPLOYMENT_TARGET = 16.4;
				MTL_ENABLE_DEBUG_INFO = NO;
				MTL_FAST_MATH = YES;
				SDKROOT = iphoneos;
				SWIFT_COMPILATION_MODE = wholemodule;
				SWIFT_OPTIMIZATION_LEVEL = "-O";
				VALIDATE_PRODUCT = YES;
			};
			name = Release;
		};
		EEAC0D0B2A0A3E69007EF909 /* Debug */ = {
			isa = XCBuildConfiguration;
			buildSettings = {
				ASSETCATALOG_COMPILER_APPICON_NAME = AppIcon;
				ASSETCATALOG_COMPILER_GLOBAL_ACCENT_COLOR_NAME = AccentColor;
				CODE_SIGN_STYLE = Automatic;
				CURRENT_PROJECT_VERSION = 1;
				DEVELOPMENT_ASSET_PATHS = "\"MC2_BuriBuri/Preview Content\"";
				DEVELOPMENT_TEAM = 47N48U5HD5;
				ENABLE_PREVIEWS = YES;
				GENERATE_INFOPLIST_FILE = YES;
				INFOPLIST_KEY_UIApplicationSceneManifest_Generation = YES;
				INFOPLIST_KEY_UIApplicationSupportsIndirectInputEvents = YES;
				INFOPLIST_KEY_UILaunchScreen_Generation = YES;
				INFOPLIST_KEY_UISupportedInterfaceOrientations_iPad = "UIInterfaceOrientationPortrait UIInterfaceOrientationPortraitUpsideDown UIInterfaceOrientationLandscapeLeft UIInterfaceOrientationLandscapeRight";
				INFOPLIST_KEY_UISupportedInterfaceOrientations_iPhone = "UIInterfaceOrientationPortrait UIInterfaceOrientationLandscapeLeft UIInterfaceOrientationLandscapeRight";
				LD_RUNPATH_SEARCH_PATHS = (
					"$(inherited)",
					"@executable_path/Frameworks",
				);
				MARKETING_VERSION = 1.0;
				PRODUCT_BUNDLE_IDENTIFIER = "xnoag.MC2-BuriBuri";
				PRODUCT_NAME = "$(TARGET_NAME)";
				SWIFT_EMIT_LOC_STRINGS = YES;
				SWIFT_VERSION = 5.0;
				TARGETED_DEVICE_FAMILY = "1,2";
			};
			name = Debug;
		};
		EEAC0D0C2A0A3E69007EF909 /* Release */ = {
			isa = XCBuildConfiguration;
			buildSettings = {
				ASSETCATALOG_COMPILER_APPICON_NAME = AppIcon;
				ASSETCATALOG_COMPILER_GLOBAL_ACCENT_COLOR_NAME = AccentColor;
				CODE_SIGN_STYLE = Automatic;
				CURRENT_PROJECT_VERSION = 1;
				DEVELOPMENT_ASSET_PATHS = "\"MC2_BuriBuri/Preview Content\"";
				DEVELOPMENT_TEAM = 47N48U5HD5;
				ENABLE_PREVIEWS = YES;
				GENERATE_INFOPLIST_FILE = YES;
				INFOPLIST_KEY_UIApplicationSceneManifest_Generation = YES;
				INFOPLIST_KEY_UIApplicationSupportsIndirectInputEvents = YES;
				INFOPLIST_KEY_UILaunchScreen_Generation = YES;
				INFOPLIST_KEY_UISupportedInterfaceOrientations_iPad = "UIInterfaceOrientationPortrait UIInterfaceOrientationPortraitUpsideDown UIInterfaceOrientationLandscapeLeft UIInterfaceOrientationLandscapeRight";
				INFOPLIST_KEY_UISupportedInterfaceOrientations_iPhone = "UIInterfaceOrientationPortrait UIInterfaceOrientationLandscapeLeft UIInterfaceOrientationLandscapeRight";
				LD_RUNPATH_SEARCH_PATHS = (
					"$(inherited)",
					"@executable_path/Frameworks",
				);
				MARKETING_VERSION = 1.0;
				PRODUCT_BUNDLE_IDENTIFIER = "xnoag.MC2-BuriBuri";
				PRODUCT_NAME = "$(TARGET_NAME)";
				SWIFT_EMIT_LOC_STRINGS = YES;
				SWIFT_VERSION = 5.0;
				TARGETED_DEVICE_FAMILY = "1,2";
			};
			name = Release;
		};
/* End XCBuildConfiguration section */

/* Begin XCConfigurationList section */
		EEAC0CF72A0A3E69007EF909 /* Build configuration list for PBXProject "MC2_BuriBuri" */ = {
			isa = XCConfigurationList;
			buildConfigurations = (
				EEAC0D082A0A3E69007EF909 /* Debug */,
				EEAC0D092A0A3E69007EF909 /* Release */,
			);
			defaultConfigurationIsVisible = 0;
			defaultConfigurationName = Release;
		};
		EEAC0D0A2A0A3E69007EF909 /* Build configuration list for PBXNativeTarget "MC2_BuriBuri" */ = {
			isa = XCConfigurationList;
			buildConfigurations = (
				EEAC0D0B2A0A3E69007EF909 /* Debug */,
				EEAC0D0C2A0A3E69007EF909 /* Release */,
			);
			defaultConfigurationIsVisible = 0;
			defaultConfigurationName = Release;
		};
/* End XCConfigurationList section */
	};
	rootObject = EEAC0CF42A0A3E69007EF909 /* Project object */;
}
