// !$*UTF8*$!
{
	archiveVersion = 1;
	classes = {
	};
	objectVersion = 56;
	objects = {

/* Begin PBXBuildFile section */
		EEAC0D002A0A3E69007EF909 /* MC2_BuriBuriApp.swift in Sources */ = {isa = PBXBuildFile; fileRef = EEAC0CFF2A0A3E69007EF909 /* MC2_BuriBuriApp.swift */; };
		EEAC0D042A0A3E69007EF909 /* Assets.xcassets in Resources */ = {isa = PBXBuildFile; fileRef = EEAC0D032A0A3E69007EF909 /* Assets.xcassets */; };
		EEAC0D072A0A3E69007EF909 /* Preview Assets.xcassets in Resources */ = {isa = PBXBuildFile; fileRef = EEAC0D062A0A3E69007EF909 /* Preview Assets.xcassets */; };
		EEAC0D132A0A40C2007EF909 /* DataModel.swift in Sources */ = {isa = PBXBuildFile; fileRef = EEAC0D0E2A0A40C2007EF909 /* DataModel.swift */; };
		EEAC0D142A0A40C2007EF909 /* Item.swift in Sources */ = {isa = PBXBuildFile; fileRef = EEAC0D0F2A0A40C2007EF909 /* Item.swift */; };
		EEAC0D152A0A40C2007EF909 /* getFunction.swift in Sources */ = {isa = PBXBuildFile; fileRef = EEAC0D102A0A40C2007EF909 /* getFunction.swift */; };
		EEAC0D162A0A40C2007EF909 /* FileManagerExtensions.swift in Sources */ = {isa = PBXBuildFile; fileRef = EEAC0D112A0A40C2007EF909 /* FileManagerExtensions.swift */; };
		EEAC0D1B2A0A40D8007EF909 /* ARView.swift in Sources */ = {isa = PBXBuildFile; fileRef = EEAC0D172A0A40D8007EF909 /* ARView.swift */; };
		EEAC0D1C2A0A40D8007EF909 /* ScanView.swift in Sources */ = {isa = PBXBuildFile; fileRef = EEAC0D182A0A40D8007EF909 /* ScanView.swift */; };
		EEAC0D1D2A0A40D8007EF909 /* AlbumForParentsView.swift in Sources */ = {isa = PBXBuildFile; fileRef = EEAC0D192A0A40D8007EF909 /* AlbumForParentsView.swift */; };
		EEAC0D1E2A0A40D8007EF909 /* GridItemView.swift in Sources */ = {isa = PBXBuildFile; fileRef = EEAC0D1A2A0A40D8007EF909 /* GridItemView.swift */; };
		EEBDFA9B2A0A6836000543FD /* AlbumDetailView.swift in Sources */ = {isa = PBXBuildFile; fileRef = EEBDFA9A2A0A6836000543FD /* AlbumDetailView.swift */; };
		EEBDFAA12A0A742D000543FD /* AlbumForChildView.swift in Sources */ = {isa = PBXBuildFile; fileRef = EEBDFAA02A0A742D000543FD /* AlbumForChildView.swift */; };
/* End PBXBuildFile section */

/* Begin PBXFileReference section */
		EEAC0CFC2A0A3E69007EF909 /* MC2_BuriBuri.app */ = {isa = PBXFileReference; explicitFileType = wrapper.application; includeInIndex = 0; path = MC2_BuriBuri.app; sourceTree = BUILT_PRODUCTS_DIR; };
		EEAC0CFF2A0A3E69007EF909 /* MC2_BuriBuriApp.swift */ = {isa = PBXFileReference; lastKnownFileType = sourcecode.swift; path = MC2_BuriBuriApp.swift; sourceTree = "<group>"; };
		EEAC0D032A0A3E69007EF909 /* Assets.xcassets */ = {isa = PBXFileReference; lastKnownFileType = folder.assetcatalog; path = Assets.xcassets; sourceTree = "<group>"; };
		EEAC0D062A0A3E69007EF909 /* Preview Assets.xcassets */ = {isa = PBXFileReference; lastKnownFileType = folder.assetcatalog; path = "Preview Assets.xcassets"; sourceTree = "<group>"; };
		EEAC0D0E2A0A40C2007EF909 /* DataModel.swift */ = {isa = PBXFileReference; fileEncoding = 4; lastKnownFileType = sourcecode.swift; path = DataModel.swift; sourceTree = "<group>"; };
		EEAC0D0F2A0A40C2007EF909 /* Item.swift */ = {isa = PBXFileReference; fileEncoding = 4; lastKnownFileType = sourcecode.swift; path = Item.swift; sourceTree = "<group>"; };
		EEAC0D102A0A40C2007EF909 /* getFunction.swift */ = {isa = PBXFileReference; fileEncoding = 4; lastKnownFileType = sourcecode.swift; path = getFunction.swift; sourceTree = "<group>"; };
		EEAC0D112A0A40C2007EF909 /* FileManagerExtensions.swift */ = {isa = PBXFileReference; fileEncoding = 4; lastKnownFileType = sourcecode.swift; path = FileManagerExtensions.swift; sourceTree = "<group>"; };
		EEAC0D172A0A40D8007EF909 /* ARView.swift */ = {isa = PBXFileReference; fileEncoding = 4; lastKnownFileType = sourcecode.swift; path = ARView.swift; sourceTree = "<group>"; };
		EEAC0D182A0A40D8007EF909 /* ScanView.swift */ = {isa = PBXFileReference; fileEncoding = 4; lastKnownFileType = sourcecode.swift; path = ScanView.swift; sourceTree = "<group>"; };
		EEAC0D192A0A40D8007EF909 /* AlbumForParentsView.swift */ = {isa = PBXFileReference; fileEncoding = 4; lastKnownFileType = sourcecode.swift; path = AlbumForParentsView.swift; sourceTree = "<group>"; };
		EEAC0D1A2A0A40D8007EF909 /* GridItemView.swift */ = {isa = PBXFileReference; fileEncoding = 4; lastKnownFileType = sourcecode.swift; path = GridItemView.swift; sourceTree = "<group>"; };
		EEBDFA9A2A0A6836000543FD /* AlbumDetailView.swift */ = {isa = PBXFileReference; lastKnownFileType = sourcecode.swift; path = AlbumDetailView.swift; sourceTree = "<group>"; };
		EEBDFAA02A0A742D000543FD /* AlbumForChildView.swift */ = {isa = PBXFileReference; fileEncoding = 4; lastKnownFileType = sourcecode.swift; path = AlbumForChildView.swift; sourceTree = "<group>"; };
/* End PBXFileReference section */

/* Begin PBXFrameworksBuildPhase section */
		EEAC0CF92A0A3E69007EF909 /* Frameworks */ = {
			isa = PBXFrameworksBuildPhase;
			buildActionMask = 2147483647;
			files = (
			);
			runOnlyForDeploymentPostprocessing = 0;
		};
/* End PBXFrameworksBuildPhase section */

/* Begin PBXGroup section */
		EEAC0CF32A0A3E69007EF909 = {
			isa = PBXGroup;
			children = (
				EEAC0CFE2A0A3E69007EF909 /* MC2_BuriBuri */,
				EEAC0CFD2A0A3E69007EF909 /* Products */,
			);
			sourceTree = "<group>";
		};
		EEAC0CFD2A0A3E69007EF909 /* Products */ = {
			isa = PBXGroup;
			children = (
				EEAC0CFC2A0A3E69007EF909 /* MC2_BuriBuri.app */,
			);
			name = Products;
			sourceTree = "<group>";
		};
		EEAC0CFE2A0A3E69007EF909 /* MC2_BuriBuri */ = {
			isa = PBXGroup;
			children = (
				EEAC0CFF2A0A3E69007EF909 /* MC2_BuriBuriApp.swift */,
				EEAC0D1F2A0A40E2007EF909 /* Data */,
				EEAC0D202A0A40E9007EF909 /* View */,
				EEAC0D032A0A3E69007EF909 /* Assets.xcassets */,
				EEAC0D052A0A3E69007EF909 /* Preview Content */,
			);
			path = MC2_BuriBuri;
			sourceTree = "<group>";
		};
		EEAC0D052A0A3E69007EF909 /* Preview Content */ = {
			isa = PBXGroup;
			children = (
				EEAC0D062A0A3E69007EF909 /* Preview Assets.xcassets */,
			);
			path = "Preview Content";
			sourceTree = "<group>";
		};
		EEAC0D1F2A0A40E2007EF909 /* Data */ = {
			isa = PBXGroup;
			children = (
				EEAC0D0E2A0A40C2007EF909 /* DataModel.swift */,
				EEAC0D112A0A40C2007EF909 /* FileManagerExtensions.swift */,
				EEAC0D102A0A40C2007EF909 /* getFunction.swift */,
				EEAC0D0F2A0A40C2007EF909 /* Item.swift */,
			);
			path = Data;
			sourceTree = "<group>";
		};
		EEAC0D202A0A40E9007EF909 /* View */ = {
			isa = PBXGroup;
			children = (
				EEAC0D192A0A40D8007EF909 /* AlbumForParentsView.swift */,
				EEBDFA9A2A0A6836000543FD /* AlbumDetailView.swift */,
				EEAC0D172A0A40D8007EF909 /* ARView.swift */,
				EEAC0D1A2A0A40D8007EF909 /* GridItemView.swift */,
				EEBDFAA02A0A742D000543FD /* AlbumForChildView.swift */,
				EEAC0D182A0A40D8007EF909 /* ScanView.swift */,
			);
			path = View;
			sourceTree = "<group>";
		};
/* End PBXGroup section */

/* Begin PBXNativeTarget section */
		EEAC0CFB2A0A3E69007EF909 /* MC2_BuriBuri */ = {
			isa = PBXNativeTarget;
			buildConfigurationList = EEAC0D0A2A0A3E69007EF909 /* Build configuration list for PBXNativeTarget "MC2_BuriBuri" */;
			buildPhases = (
				EEAC0CF82A0A3E69007EF909 /* Sources */,
				EEAC0CF92A0A3E69007EF909 /* Frameworks */,
				EEAC0CFA2A0A3E69007EF909 /* Resources */,
			);
			buildRules = (
			);
			dependencies = (
			);
			name = MC2_BuriBuri;
			productName = MC2_BuriBuri;
			productReference = EEAC0CFC2A0A3E69007EF909 /* MC2_BuriBuri.app */;
			productType = "com.apple.product-type.application";
		};
/* End PBXNativeTarget section */

/* Begin PBXProject section */
		EEAC0CF42A0A3E69007EF909 /* Project object */ = {
			isa = PBXProject;
			attributes = {
				BuildIndependentTargetsInParallel = 1;
				LastSwiftUpdateCheck = 1430;
				LastUpgradeCheck = 1430;
				TargetAttributes = {
					EEAC0CFB2A0A3E69007EF909 = {
						CreatedOnToolsVersion = 14.3;
					};
				};
			};
			buildConfigurationList = EEAC0CF72A0A3E69007EF909 /* Build configuration list for PBXProject "MC2_BuriBuri" */;
			compatibilityVersion = "Xcode 14.0";
			developmentRegion = en;
			hasScannedForEncodings = 0;
			knownRegions = (
				en,
				Base,
			);
			mainGroup = EEAC0CF32A0A3E69007EF909;
			productRefGroup = EEAC0CFD2A0A3E69007EF909 /* Products */;
			projectDirPath = "";
			projectRoot = "";
			targets = (
				EEAC0CFB2A0A3E69007EF909 /* MC2_BuriBuri */,
			);
		};
/* End PBXProject section */

/* Begin PBXResourcesBuildPhase section */
		EEAC0CFA2A0A3E69007EF909 /* Resources */ = {
			isa = PBXResourcesBuildPhase;
			buildActionMask = 2147483647;
			files = (
				EEAC0D072A0A3E69007EF909 /* Preview Assets.xcassets in Resources */,
				EEAC0D042A0A3E69007EF909 /* Assets.xcassets in Resources */,
			);
			runOnlyForDeploymentPostprocessing = 0;
		};
/* End PBXResourcesBuildPhase section */

/* Begin PBXSourcesBuildPhase section */
		EEAC0CF82A0A3E69007EF909 /* Sources */ = {
			isa = PBXSourcesBuildPhase;
			buildActionMask = 2147483647;
			files = (
				EEAC0D142A0A40C2007EF909 /* Item.swift in Sources */,
				EEAC0D1C2A0A40D8007EF909 /* ScanView.swift in Sources */,
				EEAC0D1D2A0A40D8007EF909 /* AlbumForParentsView.swift in Sources */,
				EEBDFAA12A0A742D000543FD /* AlbumForChildView.swift in Sources */,
				EEAC0D1B2A0A40D8007EF909 /* ARView.swift in Sources */,
				EEAC0D002A0A3E69007EF909 /* MC2_BuriBuriApp.swift in Sources */,
				EEAC0D132A0A40C2007EF909 /* DataModel.swift in Sources */,
				EEAC0D152A0A40C2007EF909 /* getFunction.swift in Sources */,
				EEBDFA9B2A0A6836000543FD /* AlbumDetailView.swift in Sources */,
				EEAC0D162A0A40C2007EF909 /* FileManagerExtensions.swift in Sources */,
				EEAC0D1E2A0A40D8007EF909 /* GridItemView.swift in Sources */,
			);
			runOnlyForDeploymentPostprocessing = 0;
		};
/* End PBXSourcesBuildPhase section */

/* Begin XCBuildConfiguration section */
		EEAC0D082A0A3E69007EF909 /* Debug */ = {
			isa = XCBuildConfiguration;
			buildSettings = {
				ALWAYS_SEARCH_USER_PATHS = NO;
				CLANG_ANALYZER_NONNULL = YES;
				CLANG_ANALYZER_NUMBER_OBJECT_CONVERSION = YES_AGGRESSIVE;
				CLANG_CXX_LANGUAGE_STANDARD = "gnu++20";
				CLANG_ENABLE_MODULES = YES;
				CLANG_ENABLE_OBJC_ARC = YES;
				CLANG_ENABLE_OBJC_WEAK = YES;
				CLANG_WARN_BLOCK_CAPTURE_AUTORELEASING = YES;
				CLANG_WARN_BOOL_CONVERSION = YES;
				CLANG_WARN_COMMA = YES;
				CLANG_WARN_CONSTANT_CONVERSION = YES;
				CLANG_WARN_DEPRECATED_OBJC_IMPLEMENTATIONS = YES;
				CLANG_WARN_DIRECT_OBJC_ISA_USAGE = YES_ERROR;
				CLANG_WARN_DOCUMENTATION_COMMENTS = YES;
				CLANG_WARN_EMPTY_BODY = YES;
				CLANG_WARN_ENUM_CONVERSION = YES;
				CLANG_WARN_INFINITE_RECURSION = YES;
				CLANG_WARN_INT_CONVERSION = YES;
				CLANG_WARN_NON_LITERAL_NULL_CONVERSION = YES;
				CLANG_WARN_OBJC_IMPLICIT_RETAIN_SELF = YES;
				CLANG_WARN_OBJC_LITERAL_CONVERSION = YES;
				CLANG_WARN_OBJC_ROOT_CLASS = YES_ERROR;
				CLANG_WARN_QUOTED_INCLUDE_IN_FRAMEWORK_HEADER = YES;
				CLANG_WARN_RANGE_LOOP_ANALYSIS = YES;
				CLANG_WARN_STRICT_PROTOTYPES = YES;
				CLANG_WARN_SUSPICIOUS_MOVE = YES;
				CLANG_WARN_UNGUARDED_AVAILABILITY = YES_AGGRESSIVE;
				CLANG_WARN_UNREACHABLE_CODE = YES;
				CLANG_WARN__DUPLICATE_METHOD_MATCH = YES;
				COPY_PHASE_STRIP = NO;
				DEBUG_INFORMATION_FORMAT = dwarf;
				ENABLE_STRICT_OBJC_MSGSEND = YES;
				ENABLE_TESTABILITY = YES;
				GCC_C_LANGUAGE_STANDARD = gnu11;
				GCC_DYNAMIC_NO_PIC = NO;
				GCC_NO_COMMON_BLOCKS = YES;
				GCC_OPTIMIZATION_LEVEL = 0;
				GCC_PREPROCESSOR_DEFINITIONS = (
					"DEBUG=1",
					"$(inherited)",
				);
				GCC_WARN_64_TO_32_BIT_CONVERSION = YES;
				GCC_WARN_ABOUT_RETURN_TYPE = YES_ERROR;
				GCC_WARN_UNDECLARED_SELECTOR = YES;
				GCC_WARN_UNINITIALIZED_AUTOS = YES_AGGRESSIVE;
				GCC_WARN_UNUSED_FUNCTION = YES;
				GCC_WARN_UNUSED_VARIABLE = YES;
				IPHONEOS_DEPLOYMENT_TARGET = 16.4;
				MTL_ENABLE_DEBUG_INFO = INCLUDE_SOURCE;
				MTL_FAST_MATH = YES;
				ONLY_ACTIVE_ARCH = YES;
				SDKROOT = iphoneos;
				SWIFT_ACTIVE_COMPILATION_CONDITIONS = DEBUG;
				SWIFT_OPTIMIZATION_LEVEL = "-Onone";
			};
			name = Debug;
		};
		EEAC0D092A0A3E69007EF909 /* Release */ = {
			isa = XCBuildConfiguration;
			buildSettings = {
				ALWAYS_SEARCH_USER_PATHS = NO;
				CLANG_ANALYZER_NONNULL = YES;
				CLANG_ANALYZER_NUMBER_OBJECT_CONVERSION = YES_AGGRESSIVE;
				CLANG_CXX_LANGUAGE_STANDARD = "gnu++20";
				CLANG_ENABLE_MODULES = YES;
				CLANG_ENABLE_OBJC_ARC = YES;
				CLANG_ENABLE_OBJC_WEAK = YES;
				CLANG_WARN_BLOCK_CAPTURE_AUTORELEASING = YES;
				CLANG_WARN_BOOL_CONVERSION = YES;
				CLANG_WARN_COMMA = YES;
				CLANG_WARN_CONSTANT_CONVERSION = YES;
				CLANG_WARN_DEPRECATED_OBJC_IMPLEMENTATIONS = YES;
				CLANG_WARN_DIRECT_OBJC_ISA_USAGE = YES_ERROR;
				CLANG_WARN_DOCUMENTATION_COMMENTS = YES;
				CLANG_WARN_EMPTY_BODY = YES;
				CLANG_WARN_ENUM_CONVERSION = YES;
				CLANG_WARN_INFINITE_RECURSION = YES;
				CLANG_WARN_INT_CONVERSION = YES;
				CLANG_WARN_NON_LITERAL_NULL_CONVERSION = YES;
				CLANG_WARN_OBJC_IMPLICIT_RETAIN_SELF = YES;
				CLANG_WARN_OBJC_LITERAL_CONVERSION = YES;
				CLANG_WARN_OBJC_ROOT_CLASS = YES_ERROR;
				CLANG_WARN_QUOTED_INCLUDE_IN_FRAMEWORK_HEADER = YES;
				CLANG_WARN_RANGE_LOOP_ANALYSIS = YES;
				CLANG_WARN_STRICT_PROTOTYPES = YES;
				CLANG_WARN_SUSPICIOUS_MOVE = YES;
				CLANG_WARN_UNGUARDED_AVAILABILITY = YES_AGGRESSIVE;
				CLANG_WARN_UNREACHABLE_CODE = YES;
				CLANG_WARN__DUPLICATE_METHOD_MATCH = YES;
				COPY_PHASE_STRIP = NO;
				DEBUG_INFORMATION_FORMAT = "dwarf-with-dsym";
				ENABLE_NS_ASSERTIONS = NO;
				ENABLE_STRICT_OBJC_MSGSEND = YES;
				GCC_C_LANGUAGE_STANDARD = gnu11;
				GCC_NO_COMMON_BLOCKS = YES;
				GCC_WARN_64_TO_32_BIT_CONVERSION = YES;
				GCC_WARN_ABOUT_RETURN_TYPE = YES_ERROR;
				GCC_WARN_UNDECLARED_SELECTOR = YES;
				GCC_WARN_UNINITIALIZED_AUTOS = YES_AGGRESSIVE;
				GCC_WARN_UNUSED_FUNCTION = YES;
				GCC_WARN_UNUSED_VARIABLE = YES;
				IPHONEOS_DEPLOYMENT_TARGET = 16.4;
				MTL_ENABLE_DEBUG_INFO = NO;
				MTL_FAST_MATH = YES;
				SDKROOT = iphoneos;
				SWIFT_COMPILATION_MODE = wholemodule;
				SWIFT_OPTIMIZATION_LEVEL = "-O";
				VALIDATE_PRODUCT = YES;
			};
			name = Release;
		};
		EEAC0D0B2A0A3E69007EF909 /* Debug */ = {
			isa = XCBuildConfiguration;
			buildSettings = {
				ASSETCATALOG_COMPILER_APPICON_NAME = AppIcon;
				ASSETCATALOG_COMPILER_GLOBAL_ACCENT_COLOR_NAME = AccentColor;
				CODE_SIGN_STYLE = Automatic;
				CURRENT_PROJECT_VERSION = 1;
				DEVELOPMENT_ASSET_PATHS = "\"MC2_BuriBuri/Preview Content\"";
				DEVELOPMENT_TEAM = 47N48U5HD5;
				ENABLE_PREVIEWS = YES;
				GENERATE_INFOPLIST_FILE = YES;
				INFOPLIST_KEY_UIApplicationSceneManifest_Generation = YES;
				INFOPLIST_KEY_UIApplicationSupportsIndirectInputEvents = YES;
				INFOPLIST_KEY_UILaunchScreen_Generation = YES;
				INFOPLIST_KEY_UISupportedInterfaceOrientations_iPad = "UIInterfaceOrientationPortrait UIInterfaceOrientationPortraitUpsideDown UIInterfaceOrientationLandscapeLeft UIInterfaceOrientationLandscapeRight";
				INFOPLIST_KEY_UISupportedInterfaceOrientations_iPhone = "UIInterfaceOrientationPortrait UIInterfaceOrientationLandscapeLeft UIInterfaceOrientationLandscapeRight";
				LD_RUNPATH_SEARCH_PATHS = (
					"$(inherited)",
					"@executable_path/Frameworks",
				);
				MARKETING_VERSION = 1.0;
				PRODUCT_BUNDLE_IDENTIFIER = "xnoag.MC2-BuriBuri";
				PRODUCT_NAME = "$(TARGET_NAME)";
				SWIFT_EMIT_LOC_STRINGS = YES;
				SWIFT_VERSION = 5.0;
				TARGETED_DEVICE_FAMILY = "1,2";
			};
			name = Debug;
		};
		EEAC0D0C2A0A3E69007EF909 /* Release */ = {
			isa = XCBuildConfiguration;
			buildSettings = {
				ASSETCATALOG_COMPILER_APPICON_NAME = AppIcon;
				ASSETCATALOG_COMPILER_GLOBAL_ACCENT_COLOR_NAME = AccentColor;
				CODE_SIGN_STYLE = Automatic;
				CURRENT_PROJECT_VERSION = 1;
				DEVELOPMENT_ASSET_PATHS = "\"MC2_BuriBuri/Preview Content\"";
				DEVELOPMENT_TEAM = 47N48U5HD5;
				ENABLE_PREVIEWS = YES;
				GENERATE_INFOPLIST_FILE = YES;
				INFOPLIST_KEY_UIApplicationSceneManifest_Generation = YES;
				INFOPLIST_KEY_UIApplicationSupportsIndirectInputEvents = YES;
				INFOPLIST_KEY_UILaunchScreen_Generation = YES;
				INFOPLIST_KEY_UISupportedInterfaceOrientations_iPad = "UIInterfaceOrientationPortrait UIInterfaceOrientationPortraitUpsideDown UIInterfaceOrientationLandscapeLeft UIInterfaceOrientationLandscapeRight";
				INFOPLIST_KEY_UISupportedInterfaceOrientations_iPhone = "UIInterfaceOrientationPortrait UIInterfaceOrientationLandscapeLeft UIInterfaceOrientationLandscapeRight";
				LD_RUNPATH_SEARCH_PATHS = (
					"$(inherited)",
					"@executable_path/Frameworks",
				);
				MARKETING_VERSION = 1.0;
				PRODUCT_BUNDLE_IDENTIFIER = "xnoag.MC2-BuriBuri";
				PRODUCT_NAME = "$(TARGET_NAME)";
				SWIFT_EMIT_LOC_STRINGS = YES;
				SWIFT_VERSION = 5.0;
				TARGETED_DEVICE_FAMILY = "1,2";
			};
			name = Release;
		};
/* End XCBuildConfiguration section */

/* Begin XCConfigurationList section */
		EEAC0CF72A0A3E69007EF909 /* Build configuration list for PBXProject "MC2_BuriBuri" */ = {
			isa = XCConfigurationList;
			buildConfigurations = (
				EEAC0D082A0A3E69007EF909 /* Debug */,
				EEAC0D092A0A3E69007EF909 /* Release */,
			);
			defaultConfigurationIsVisible = 0;
			defaultConfigurationName = Release;
		};
		EEAC0D0A2A0A3E69007EF909 /* Build configuration list for PBXNativeTarget "MC2_BuriBuri" */ = {
			isa = XCConfigurationList;
			buildConfigurations = (
				EEAC0D0B2A0A3E69007EF909 /* Debug */,
				EEAC0D0C2A0A3E69007EF909 /* Release */,
			);
			defaultConfigurationIsVisible = 0;
			defaultConfigurationName = Release;
		};
/* End XCConfigurationList section */
	};
	rootObject = EEAC0CF42A0A3E69007EF909 /* Project object */;
}
